// !$*UTF8*$!
{
	archiveVersion = 1;
	classes = {
	};
	objectVersion = 46;
	objects = {

/* Begin PBXBuildFile section */
		FD7B52AE178339DB0043EDE4 /* main.cpp in Sources */ = {isa = PBXBuildFile; fileRef = FD7B529F178339DB0043EDE4 /* main.cpp */; };
		FD7B52AF178339DB0043EDE4 /* pro_camera.cpp in Sources */ = {isa = PBXBuildFile; fileRef = FD7B52A1178339DB0043EDE4 /* pro_camera.cpp */; };
		FD7B52B0178339DB0043EDE4 /* pro_debug.cpp in Sources */ = {isa = PBXBuildFile; fileRef = FD7B52A3178339DB0043EDE4 /* pro_debug.cpp */; };
		FD7B52B1178339DB0043EDE4 /* pro_renderer.cpp in Sources */ = {isa = PBXBuildFile; fileRef = FD7B52A7178339DB0043EDE4 /* pro_renderer.cpp */; };
		FD7B52B2178339DB0043EDE4 /* pro_sprite.cpp in Sources */ = {isa = PBXBuildFile; fileRef = FD7B52A9178339DB0043EDE4 /* pro_sprite.cpp */; };
		FD7B52B91783BED40043EDE4 /* libsfml-audio.2.0.dylib in Frameworks */ = {isa = PBXBuildFile; fileRef = FD7B52B41783BED40043EDE4 /* libsfml-audio.2.0.dylib */; };
		FD7B52BA1783BED40043EDE4 /* libsfml-graphics.2.0.dylib in Frameworks */ = {isa = PBXBuildFile; fileRef = FD7B52B51783BED40043EDE4 /* libsfml-graphics.2.0.dylib */; };
		FD7B52BB1783BED40043EDE4 /* libsfml-network.2.0.dylib in Frameworks */ = {isa = PBXBuildFile; fileRef = FD7B52B61783BED40043EDE4 /* libsfml-network.2.0.dylib */; };
		FD7B52BC1783BED40043EDE4 /* libsfml-window.2.0.dylib in Frameworks */ = {isa = PBXBuildFile; fileRef = FD7B52B71783BED40043EDE4 /* libsfml-window.2.0.dylib */; };
		FD7B52BD1783BED40043EDE4 /* libsfml-system.2.0.dylib in Frameworks */ = {isa = PBXBuildFile; fileRef = FD7B52B81783BED40043EDE4 /* libsfml-system.2.0.dylib */; };
		FDE76260172F8443000C68EE /* PROENGINE_1_5_.1 in CopyFiles */ = {isa = PBXBuildFile; fileRef = FDE7625F172F8443000C68EE /* PROENGINE_1_5_.1 */; };
/* End PBXBuildFile section */

/* Begin PBXCopyFilesBuildPhase section */
		FDE76257172F8443000C68EE /* CopyFiles */ = {
			isa = PBXCopyFilesBuildPhase;
			buildActionMask = 2147483647;
			dstPath = /usr/share/man/man1/;
			dstSubfolderSpec = 0;
			files = (
				FDE76260172F8443000C68EE /* PROENGINE_1_5_.1 in CopyFiles */,
			);
			runOnlyForDeploymentPostprocessing = 1;
		};
/* End PBXCopyFilesBuildPhase section */

/* Begin PBXFileReference section */
		FD7B529F178339DB0043EDE4 /* main.cpp */ = {isa = PBXFileReference; fileEncoding = 4; lastKnownFileType = sourcecode.cpp.cpp; name = main.cpp; path = ../../../../include/main.cpp; sourceTree = "<group>"; };
		FD7B52A1178339DB0043EDE4 /* pro_camera.cpp */ = {isa = PBXFileReference; fileEncoding = 4; lastKnownFileType = sourcecode.cpp.cpp; path = pro_camera.cpp; sourceTree = "<group>"; };
		FD7B52A2178339DB0043EDE4 /* pro_camera.hpp */ = {isa = PBXFileReference; fileEncoding = 4; lastKnownFileType = sourcecode.cpp.h; path = pro_camera.hpp; sourceTree = "<group>"; };
		FD7B52A3178339DB0043EDE4 /* pro_debug.cpp */ = {isa = PBXFileReference; fileEncoding = 4; lastKnownFileType = sourcecode.cpp.cpp; path = pro_debug.cpp; sourceTree = "<group>"; };
		FD7B52A4178339DB0043EDE4 /* pro_debug.hpp */ = {isa = PBXFileReference; fileEncoding = 4; lastKnownFileType = sourcecode.cpp.h; path = pro_debug.hpp; sourceTree = "<group>"; };
		FD7B52A5178339DB0043EDE4 /* pro_exception.hpp */ = {isa = PBXFileReference; fileEncoding = 4; lastKnownFileType = sourcecode.cpp.h; path = pro_exception.hpp; sourceTree = "<group>"; };
		FD7B52A6178339DB0043EDE4 /* pro_globals.hpp */ = {isa = PBXFileReference; fileEncoding = 4; lastKnownFileType = sourcecode.cpp.h; path = pro_globals.hpp; sourceTree = "<group>"; };
		FD7B52A7178339DB0043EDE4 /* pro_renderer.cpp */ = {isa = PBXFileReference; fileEncoding = 4; lastKnownFileType = sourcecode.cpp.cpp; path = pro_renderer.cpp; sourceTree = "<group>"; };
		FD7B52A8178339DB0043EDE4 /* pro_renderer.hpp */ = {isa = PBXFileReference; fileEncoding = 4; lastKnownFileType = sourcecode.cpp.h; path = pro_renderer.hpp; sourceTree = "<group>"; };
		FD7B52A9178339DB0043EDE4 /* pro_sprite.cpp */ = {isa = PBXFileReference; fileEncoding = 4; lastKnownFileType = sourcecode.cpp.cpp; path = pro_sprite.cpp; sourceTree = "<group>"; };
		FD7B52AA178339DB0043EDE4 /* pro_sprite.hpp */ = {isa = PBXFileReference; fileEncoding = 4; lastKnownFileType = sourcecode.cpp.h; path = pro_sprite.hpp; sourceTree = "<group>"; };
		FD7B52AB178339DB0043EDE4 /* pro_vector.hpp */ = {isa = PBXFileReference; fileEncoding = 4; lastKnownFileType = sourcecode.cpp.h; path = pro_vector.hpp; sourceTree = "<group>"; };
		FD7B52AC178339DB0043EDE4 /* pro_version.hpp */ = {isa = PBXFileReference; fileEncoding = 4; lastKnownFileType = sourcecode.cpp.h; path = pro_version.hpp; sourceTree = "<group>"; };
		FD7B52AD178339DB0043EDE4 /* ProENGINE.hpp */ = {isa = PBXFileReference; fileEncoding = 4; lastKnownFileType = sourcecode.cpp.h; path = ProENGINE.hpp; sourceTree = "<group>"; };
		FD7B52B41783BED40043EDE4 /* libsfml-audio.2.0.dylib */ = {isa = PBXFileReference; lastKnownFileType = "compiled.mach-o.dylib"; name = "libsfml-audio.2.0.dylib"; path = "../../../../../Desktop/sfml/test/lib/libsfml-audio.2.0.dylib"; sourceTree = "<group>"; };
		FD7B52B51783BED40043EDE4 /* libsfml-graphics.2.0.dylib */ = {isa = PBXFileReference; lastKnownFileType = "compiled.mach-o.dylib"; name = "libsfml-graphics.2.0.dylib"; path = "../../../../../Desktop/sfml/test/lib/libsfml-graphics.2.0.dylib"; sourceTree = "<group>"; };
		FD7B52B61783BED40043EDE4 /* libsfml-network.2.0.dylib */ = {isa = PBXFileReference; lastKnownFileType = "compiled.mach-o.dylib"; name = "libsfml-network.2.0.dylib"; path = "../../../../../Desktop/sfml/test/lib/libsfml-network.2.0.dylib"; sourceTree = "<group>"; };
		FD7B52B71783BED40043EDE4 /* libsfml-window.2.0.dylib */ = {isa = PBXFileReference; lastKnownFileType = "compiled.mach-o.dylib"; name = "libsfml-window.2.0.dylib"; path = "../../../../../Desktop/sfml/test/lib/libsfml-window.2.0.dylib"; sourceTree = "<group>"; };
		FD7B52B81783BED40043EDE4 /* libsfml-system.2.0.dylib */ = {isa = PBXFileReference; lastKnownFileType = "compiled.mach-o.dylib"; name = "libsfml-system.2.0.dylib"; path = "../../../../../Desktop/sfml/test/lib/libsfml-system.2.0.dylib"; sourceTree = "<group>"; };
		FDE76259172F8443000C68EE /* PROENGINE[1.5] */ = {isa = PBXFileReference; explicitFileType = "compiled.mach-o.executable"; includeInIndex = 0; path = "PROENGINE[1.5]"; sourceTree = BUILT_PRODUCTS_DIR; };
		FDE7625F172F8443000C68EE /* PROENGINE_1_5_.1 */ = {isa = PBXFileReference; lastKnownFileType = text.man; path = PROENGINE_1_5_.1; sourceTree = "<group>"; };
/* End PBXFileReference section */

/* Begin PBXFrameworksBuildPhase section */
		FDE76256172F8443000C68EE /* Frameworks */ = {
			isa = PBXFrameworksBuildPhase;
			buildActionMask = 2147483647;
			files = (
				FD7B52B91783BED40043EDE4 /* libsfml-audio.2.0.dylib in Frameworks */,
				FD7B52BA1783BED40043EDE4 /* libsfml-graphics.2.0.dylib in Frameworks */,
				FD7B52BB1783BED40043EDE4 /* libsfml-network.2.0.dylib in Frameworks */,
				FD7B52BC1783BED40043EDE4 /* libsfml-window.2.0.dylib in Frameworks */,
				FD7B52BD1783BED40043EDE4 /* libsfml-system.2.0.dylib in Frameworks */,
			);
			runOnlyForDeploymentPostprocessing = 0;
		};
/* End PBXFrameworksBuildPhase section */

/* Begin PBXGroup section */
		FD7B52A0178339DB0043EDE4 /* ProENGINE */ = {
			isa = PBXGroup;
			children = (
				FD7B52A1178339DB0043EDE4 /* pro_camera.cpp */,
				FD7B52A2178339DB0043EDE4 /* pro_camera.hpp */,
				FD7B52A3178339DB0043EDE4 /* pro_debug.cpp */,
				FD7B52A4178339DB0043EDE4 /* pro_debug.hpp */,
				FD7B52A5178339DB0043EDE4 /* pro_exception.hpp */,
				FD7B52A6178339DB0043EDE4 /* pro_globals.hpp */,
				FD7B52A7178339DB0043EDE4 /* pro_renderer.cpp */,
				FD7B52A8178339DB0043EDE4 /* pro_renderer.hpp */,
				FD7B52A9178339DB0043EDE4 /* pro_sprite.cpp */,
				FD7B52AA178339DB0043EDE4 /* pro_sprite.hpp */,
				FD7B52AB178339DB0043EDE4 /* pro_vector.hpp */,
				FD7B52AC178339DB0043EDE4 /* pro_version.hpp */,
				FD7B52AD178339DB0043EDE4 /* ProENGINE.hpp */,
			);
			name = ProENGINE;
			path = ../../../../include/ProENGINE;
			sourceTree = "<group>";
		};
		FDE7624E172F8443000C68EE = {
			isa = PBXGroup;
			children = (
				FD7B52B41783BED40043EDE4 /* libsfml-audio.2.0.dylib */,
				FD7B52B51783BED40043EDE4 /* libsfml-graphics.2.0.dylib */,
				FD7B52B61783BED40043EDE4 /* libsfml-network.2.0.dylib */,
				FD7B52B71783BED40043EDE4 /* libsfml-window.2.0.dylib */,
				FD7B52B81783BED40043EDE4 /* libsfml-system.2.0.dylib */,
				FDE7625C172F8443000C68EE /* PROENGINE[1.5] */,
				FDE7625A172F8443000C68EE /* Products */,
			);
			sourceTree = "<group>";
		};
		FDE7625A172F8443000C68EE /* Products */ = {
			isa = PBXGroup;
			children = (
				FDE76259172F8443000C68EE /* PROENGINE[1.5] */,
			);
			name = Products;
			sourceTree = "<group>";
		};
		FDE7625C172F8443000C68EE /* PROENGINE[1.5] */ = {
			isa = PBXGroup;
			children = (
				FD7B529F178339DB0043EDE4 /* main.cpp */,
				FD7B52A0178339DB0043EDE4 /* ProENGINE */,
				FDE7625F172F8443000C68EE /* PROENGINE_1_5_.1 */,
			);
			path = "PROENGINE[1.5]";
			sourceTree = "<group>";
		};
/* End PBXGroup section */

/* Begin PBXNativeTarget section */
		FDE76258172F8443000C68EE /* PROENGINE[1.5] */ = {
			isa = PBXNativeTarget;
			buildConfigurationList = FDE76263172F8443000C68EE /* Build configuration list for PBXNativeTarget "PROENGINE[1.5]" */;
			buildPhases = (
				FDE76255172F8443000C68EE /* Sources */,
				FDE76256172F8443000C68EE /* Frameworks */,
				FDE76257172F8443000C68EE /* CopyFiles */,
			);
			buildRules = (
			);
			dependencies = (
			);
			name = "PROENGINE[1.5]";
			productName = "PROENGINE[1.5]";
			productReference = FDE76259172F8443000C68EE /* PROENGINE[1.5] */;
			productType = "com.apple.product-type.tool";
		};
/* End PBXNativeTarget section */

/* Begin PBXProject section */
		FDE76250172F8443000C68EE /* Project object */ = {
			isa = PBXProject;
			attributes = {
				LastUpgradeCheck = 0440;
				ORGANIZATIONNAME = "Dual-Pro Studios";
			};
			buildConfigurationList = FDE76253172F8443000C68EE /* Build configuration list for PBXProject "PROENGINE[1.5]" */;
			compatibilityVersion = "Xcode 3.2";
			developmentRegion = English;
			hasScannedForEncodings = 0;
			knownRegions = (
				en,
			);
			mainGroup = FDE7624E172F8443000C68EE;
			productRefGroup = FDE7625A172F8443000C68EE /* Products */;
			projectDirPath = "";
			projectRoot = "";
			targets = (
				FDE76258172F8443000C68EE /* PROENGINE[1.5] */,
			);
		};
/* End PBXProject section */

/* Begin PBXSourcesBuildPhase section */
		FDE76255172F8443000C68EE /* Sources */ = {
			isa = PBXSourcesBuildPhase;
			buildActionMask = 2147483647;
			files = (
				FD7B52AE178339DB0043EDE4 /* main.cpp in Sources */,
				FD7B52AF178339DB0043EDE4 /* pro_camera.cpp in Sources */,
				FD7B52B0178339DB0043EDE4 /* pro_debug.cpp in Sources */,
				FD7B52B1178339DB0043EDE4 /* pro_renderer.cpp in Sources */,
				FD7B52B2178339DB0043EDE4 /* pro_sprite.cpp in Sources */,
			);
			runOnlyForDeploymentPostprocessing = 0;
		};
/* End PBXSourcesBuildPhase section */

/* Begin XCBuildConfiguration section */
		FDE76261172F8443000C68EE /* Debug */ = {
			isa = XCBuildConfiguration;
			buildSettings = {
				ALWAYS_SEARCH_USER_PATHS = NO;
				ARCHS = "$(ARCHS_STANDARD_64_BIT)";
				CLANG_CXX_LANGUAGE_STANDARD = "gnu++0x";
				CLANG_ENABLE_OBJC_ARC = YES;
				CLANG_WARN__DUPLICATE_METHOD_MATCH = YES;
				COPY_PHASE_STRIP = NO;
				GCC_C_LANGUAGE_STANDARD = gnu99;
				GCC_DYNAMIC_NO_PIC = NO;
				GCC_ENABLE_OBJC_EXCEPTIONS = YES;
				GCC_OPTIMIZATION_LEVEL = 0;
				GCC_PREPROCESSOR_DEFINITIONS = (
					"DEBUG=1",
					"$(inherited)",
				);
				GCC_SYMBOLS_PRIVATE_EXTERN = NO;
				GCC_WARN_64_TO_32_BIT_CONVERSION = YES;
				GCC_WARN_ABOUT_RETURN_TYPE = YES;
				GCC_WARN_UNINITIALIZED_AUTOS = YES;
				GCC_WARN_UNUSED_VARIABLE = YES;
				MACOSX_DEPLOYMENT_TARGET = 10.8;
				ONLY_ACTIVE_ARCH = YES;
				SDKROOT = macosx;
			};
			name = Debug;
		};
		FDE76262172F8443000C68EE /* Release */ = {
			isa = XCBuildConfiguration;
			buildSettings = {
				ALWAYS_SEARCH_USER_PATHS = NO;
				ARCHS = "$(ARCHS_STANDARD_64_BIT)";
				CLANG_CXX_LANGUAGE_STANDARD = "gnu++0x";
				CLANG_ENABLE_OBJC_ARC = YES;
				CLANG_WARN__DUPLICATE_METHOD_MATCH = YES;
				COPY_PHASE_STRIP = YES;
				DEBUG_INFORMATION_FORMAT = "dwarf-with-dsym";
				GCC_C_LANGUAGE_STANDARD = gnu99;
				GCC_ENABLE_OBJC_EXCEPTIONS = YES;
				GCC_WARN_64_TO_32_BIT_CONVERSION = YES;
				GCC_WARN_ABOUT_RETURN_TYPE = YES;
				GCC_WARN_UNINITIALIZED_AUTOS = YES;
				GCC_WARN_UNUSED_VARIABLE = YES;
				MACOSX_DEPLOYMENT_TARGET = 10.8;
				SDKROOT = macosx;
			};
			name = Release;
		};
		FDE76264172F8443000C68EE /* Debug */ = {
			isa = XCBuildConfiguration;
			buildSettings = {
				FRAMEWORK_SEARCH_PATHS = (
					"$(inherited)",
					"\"$(SRCROOT)/../../../../../Downloads/SFML-2.0-osx-universal-leopard/Frameworks\"",
					"\"$(SRCROOT)/../../../../../Downloads/SFML-2.0-osx-universal-leopard/extlibs\"",
					"\"$(SRCROOT)/../../../../../Downloads/SFML-2.0-osx-universal-mountain-lion-C++11/Frameworks\"",
				);
				LIBRARY_SEARCH_PATHS = (
					"$(inherited)",
					"\"$(SRCROOT)/../../../../../Desktop/sfml/test/lib\"",
				);
				PRODUCT_NAME = "$(TARGET_NAME)";
			};
			name = Debug;
		};
		FDE76265172F8443000C68EE /* Release */ = {
			isa = XCBuildConfiguration;
			buildSettings = {
				FRAMEWORK_SEARCH_PATHS = (
					"$(inherited)",
					"\"$(SRCROOT)/../../../../../Downloads/SFML-2.0-osx-universal-leopard/Frameworks\"",
					"\"$(SRCROOT)/../../../../../Downloads/SFML-2.0-osx-universal-leopard/extlibs\"",
					"\"$(SRCROOT)/../../../../../Downloads/SFML-2.0-osx-universal-mountain-lion-C++11/Frameworks\"",
				);
				LIBRARY_SEARCH_PATHS = (
					"$(inherited)",
					"\"$(SRCROOT)/../../../../../Desktop/sfml/test/lib\"",
				);
				PRODUCT_NAME = "$(TARGET_NAME)";
			};
			name = Release;
		};
/* End XCBuildConfiguration section */

/* Begin XCConfigurationList section */
		FDE76253172F8443000C68EE /* Build configuration list for PBXProject "PROENGINE[1.5]" */ = {
			isa = XCConfigurationList;
			buildConfigurations = (
				FDE76261172F8443000C68EE /* Debug */,
				FDE76262172F8443000C68EE /* Release */,
			);
			defaultConfigurationIsVisible = 0;
			defaultConfigurationName = Release;
		};
		FDE76263172F8443000C68EE /* Build configuration list for PBXNativeTarget "PROENGINE[1.5]" */ = {
			isa = XCConfigurationList;
			buildConfigurations = (
				FDE76264172F8443000C68EE /* Debug */,
				FDE76265172F8443000C68EE /* Release */,
			);
			defaultConfigurationIsVisible = 0;
			defaultConfigurationName = Release;
		};
/* End XCConfigurationList section */
	};
	rootObject = FDE76250172F8443000C68EE /* Project object */;
}
